// !$*UTF8*$!
{
	archiveVersion = 1;
	classes = {
	};
	objectVersion = 55;
	objects = {

/* Begin PBXBuildFile section */
		9201874227115C8000DAD0F2 /* AppDelegate.swift in Sources */ = {isa = PBXBuildFile; fileRef = 9201874127115C8000DAD0F2 /* AppDelegate.swift */; };
		9201874427115C8000DAD0F2 /* SceneDelegate.swift in Sources */ = {isa = PBXBuildFile; fileRef = 9201874327115C8000DAD0F2 /* SceneDelegate.swift */; };
		9201874627115C8000DAD0F2 /* ViewController.swift in Sources */ = {isa = PBXBuildFile; fileRef = 9201874527115C8000DAD0F2 /* ViewController.swift */; };
		9201874927115C8000DAD0F2 /* Main.storyboard in Resources */ = {isa = PBXBuildFile; fileRef = 9201874727115C8000DAD0F2 /* Main.storyboard */; };
		9201874B27115C8200DAD0F2 /* Assets.xcassets in Resources */ = {isa = PBXBuildFile; fileRef = 9201874A27115C8200DAD0F2 /* Assets.xcassets */; };
		9201874E27115C8200DAD0F2 /* LaunchScreen.storyboard in Resources */ = {isa = PBXBuildFile; fileRef = 9201874C27115C8200DAD0F2 /* LaunchScreen.storyboard */; };
		920187562711601E00DAD0F2 /* AutoLayoutPractice.storyboard in Resources */ = {isa = PBXBuildFile; fileRef = 920187552711601E00DAD0F2 /* AutoLayoutPractice.storyboard */; };
		920187582711812000DAD0F2 /* Tabbar.storyboard in Resources */ = {isa = PBXBuildFile; fileRef = 920187572711812000DAD0F2 /* Tabbar.storyboard */; };
		9201875A2711838300DAD0F2 /* CustomTabBarController.swift in Sources */ = {isa = PBXBuildFile; fileRef = 920187592711838300DAD0F2 /* CustomTabBarController.swift */; };
		9201875C271183DA00DAD0F2 /* YellowVC.swift in Sources */ = {isa = PBXBuildFile; fileRef = 9201875B271183DA00DAD0F2 /* YellowVC.swift */; };
		9201875E271183E400DAD0F2 /* GreenVC.swift in Sources */ = {isa = PBXBuildFile; fileRef = 9201875D271183E400DAD0F2 /* GreenVC.swift */; };
/* End PBXBuildFile section */

/* Begin PBXFileReference section */
		9201873E27115C8000DAD0F2 /* 2nd-Seminar.app */ = {isa = PBXFileReference; explicitFileType = wrapper.application; includeInIndex = 0; path = "2nd-Seminar.app"; sourceTree = BUILT_PRODUCTS_DIR; };
		9201874127115C8000DAD0F2 /* AppDelegate.swift */ = {isa = PBXFileReference; lastKnownFileType = sourcecode.swift; path = AppDelegate.swift; sourceTree = "<group>"; };
		9201874327115C8000DAD0F2 /* SceneDelegate.swift */ = {isa = PBXFileReference; lastKnownFileType = sourcecode.swift; path = SceneDelegate.swift; sourceTree = "<group>"; };
		9201874527115C8000DAD0F2 /* ViewController.swift */ = {isa = PBXFileReference; lastKnownFileType = sourcecode.swift; path = ViewController.swift; sourceTree = "<group>"; };
		9201874827115C8000DAD0F2 /* Base */ = {isa = PBXFileReference; lastKnownFileType = file.storyboard; name = Base; path = Base.lproj/Main.storyboard; sourceTree = "<group>"; };
		9201874A27115C8200DAD0F2 /* Assets.xcassets */ = {isa = PBXFileReference; lastKnownFileType = folder.assetcatalog; path = Assets.xcassets; sourceTree = "<group>"; };
		9201874D27115C8200DAD0F2 /* Base */ = {isa = PBXFileReference; lastKnownFileType = file.storyboard; name = Base; path = Base.lproj/LaunchScreen.storyboard; sourceTree = "<group>"; };
		9201874F27115C8200DAD0F2 /* Info.plist */ = {isa = PBXFileReference; lastKnownFileType = text.plist.xml; path = Info.plist; sourceTree = "<group>"; };
		920187552711601E00DAD0F2 /* AutoLayoutPractice.storyboard */ = {isa = PBXFileReference; lastKnownFileType = file.storyboard; path = AutoLayoutPractice.storyboard; sourceTree = "<group>"; };
		920187572711812000DAD0F2 /* Tabbar.storyboard */ = {isa = PBXFileReference; lastKnownFileType = file.storyboard; path = Tabbar.storyboard; sourceTree = "<group>"; };
		920187592711838300DAD0F2 /* CustomTabBarController.swift */ = {isa = PBXFileReference; lastKnownFileType = sourcecode.swift; path = CustomTabBarController.swift; sourceTree = "<group>"; };
		9201875B271183DA00DAD0F2 /* YellowVC.swift */ = {isa = PBXFileReference; lastKnownFileType = sourcecode.swift; path = YellowVC.swift; sourceTree = "<group>"; };
		9201875D271183E400DAD0F2 /* GreenVC.swift */ = {isa = PBXFileReference; lastKnownFileType = sourcecode.swift; path = GreenVC.swift; sourceTree = "<group>"; };
/* End PBXFileReference section */

/* Begin PBXFrameworksBuildPhase section */
		9201873B27115C8000DAD0F2 /* Frameworks */ = {
			isa = PBXFrameworksBuildPhase;
			buildActionMask = 2147483647;
			files = (
			);
			runOnlyForDeploymentPostprocessing = 0;
		};
/* End PBXFrameworksBuildPhase section */

/* Begin PBXGroup section */
		9201873527115C8000DAD0F2 = {
			isa = PBXGroup;
			children = (
				9201874027115C8000DAD0F2 /* 2nd-Seminar */,
				9201873F27115C8000DAD0F2 /* Products */,
			);
			sourceTree = "<group>";
		};
		9201873F27115C8000DAD0F2 /* Products */ = {
			isa = PBXGroup;
			children = (
				9201873E27115C8000DAD0F2 /* 2nd-Seminar.app */,
			);
			name = Products;
			sourceTree = "<group>";
		};
		9201874027115C8000DAD0F2 /* 2nd-Seminar */ = {
			isa = PBXGroup;
			children = (
				9201874127115C8000DAD0F2 /* AppDelegate.swift */,
				9201874327115C8000DAD0F2 /* SceneDelegate.swift */,
				9201874527115C8000DAD0F2 /* ViewController.swift */,
				9201874727115C8000DAD0F2 /* Main.storyboard */,
				9201874A27115C8200DAD0F2 /* Assets.xcassets */,
				9201874C27115C8200DAD0F2 /* LaunchScreen.storyboard */,
				9201874F27115C8200DAD0F2 /* Info.plist */,
				920187552711601E00DAD0F2 /* AutoLayoutPractice.storyboard */,
				920187572711812000DAD0F2 /* Tabbar.storyboard */,
				920187592711838300DAD0F2 /* CustomTabBarController.swift */,
				9201875B271183DA00DAD0F2 /* YellowVC.swift */,
				9201875D271183E400DAD0F2 /* GreenVC.swift */,
			);
			path = "2nd-Seminar";
			sourceTree = "<group>";
		};
/* End PBXGroup section */

/* Begin PBXNativeTarget section */
		9201873D27115C8000DAD0F2 /* 2nd-Seminar */ = {
			isa = PBXNativeTarget;
			buildConfigurationList = 9201875227115C8200DAD0F2 /* Build configuration list for PBXNativeTarget "2nd-Seminar" */;
			buildPhases = (
				9201873A27115C8000DAD0F2 /* Sources */,
				9201873B27115C8000DAD0F2 /* Frameworks */,
				9201873C27115C8000DAD0F2 /* Resources */,
			);
			buildRules = (
			);
			dependencies = (
			);
			name = "2nd-Seminar";
			productName = "2nd-Seminar";
			productReference = 9201873E27115C8000DAD0F2 /* 2nd-Seminar.app */;
			productType = "com.apple.product-type.application";
		};
/* End PBXNativeTarget section */

/* Begin PBXProject section */
		9201873627115C8000DAD0F2 /* Project object */ = {
			isa = PBXProject;
			attributes = {
				BuildIndependentTargetsInParallel = 1;
				LastSwiftUpdateCheck = 1300;
				LastUpgradeCheck = 1300;
				TargetAttributes = {
					9201873D27115C8000DAD0F2 = {
						CreatedOnToolsVersion = 13.0;
					};
				};
			};
			buildConfigurationList = 9201873927115C8000DAD0F2 /* Build configuration list for PBXProject "2nd-Seminar" */;
			compatibilityVersion = "Xcode 13.0";
			developmentRegion = en;
			hasScannedForEncodings = 0;
			knownRegions = (
				en,
				Base,
			);
			mainGroup = 9201873527115C8000DAD0F2;
			productRefGroup = 9201873F27115C8000DAD0F2 /* Products */;
			projectDirPath = "";
			projectRoot = "";
			targets = (
				9201873D27115C8000DAD0F2 /* 2nd-Seminar */,
			);
		};
/* End PBXProject section */

/* Begin PBXResourcesBuildPhase section */
		9201873C27115C8000DAD0F2 /* Resources */ = {
			isa = PBXResourcesBuildPhase;
			buildActionMask = 2147483647;
			files = (
				920187582711812000DAD0F2 /* Tabbar.storyboard in Resources */,
				9201874E27115C8200DAD0F2 /* LaunchScreen.storyboard in Resources */,
				9201874B27115C8200DAD0F2 /* Assets.xcassets in Resources */,
				920187562711601E00DAD0F2 /* AutoLayoutPractice.storyboard in Resources */,
				9201874927115C8000DAD0F2 /* Main.storyboard in Resources */,
			);
			runOnlyForDeploymentPostprocessing = 0;
		};
/* End PBXResourcesBuildPhase section */

/* Begin PBXSourcesBuildPhase section */
		9201873A27115C8000DAD0F2 /* Sources */ = {
			isa = PBXSourcesBuildPhase;
			buildActionMask = 2147483647;
			files = (
				9201875E271183E400DAD0F2 /* GreenVC.swift in Sources */,
				9201875C271183DA00DAD0F2 /* YellowVC.swift in Sources */,
				9201874627115C8000DAD0F2 /* ViewController.swift in Sources */,
				9201875A2711838300DAD0F2 /* CustomTabBarController.swift in Sources */,
				9201874227115C8000DAD0F2 /* AppDelegate.swift in Sources */,
				9201874427115C8000DAD0F2 /* SceneDelegate.swift in Sources */,
			);
			runOnlyForDeploymentPostprocessing = 0;
		};
/* End PBXSourcesBuildPhase section */

/* Begin PBXVariantGroup section */
		9201874727115C8000DAD0F2 /* Main.storyboard */ = {
			isa = PBXVariantGroup;
			children = (
				9201874827115C8000DAD0F2 /* Base */,
			);
			name = Main.storyboard;
			sourceTree = "<group>";
		};
		9201874C27115C8200DAD0F2 /* LaunchScreen.storyboard */ = {
			isa = PBXVariantGroup;
			children = (
				9201874D27115C8200DAD0F2 /* Base */,
			);
			name = LaunchScreen.storyboard;
			sourceTree = "<group>";
		};
/* End PBXVariantGroup section */

/* Begin XCBuildConfiguration section */
		9201875027115C8200DAD0F2 /* Debug */ = {
			isa = XCBuildConfiguration;
			buildSettings = {
				ALWAYS_SEARCH_USER_PATHS = NO;
				CLANG_ANALYZER_NONNULL = YES;
				CLANG_ANALYZER_NUMBER_OBJECT_CONVERSION = YES_AGGRESSIVE;
				CLANG_CXX_LANGUAGE_STANDARD = "gnu++17";
				CLANG_CXX_LIBRARY = "libc++";
				CLANG_ENABLE_MODULES = YES;
				CLANG_ENABLE_OBJC_ARC = YES;
				CLANG_ENABLE_OBJC_WEAK = YES;
				CLANG_WARN_BLOCK_CAPTURE_AUTORELEASING = YES;
				CLANG_WARN_BOOL_CONVERSION = YES;
				CLANG_WARN_COMMA = YES;
				CLANG_WARN_CONSTANT_CONVERSION = YES;
				CLANG_WARN_DEPRECATED_OBJC_IMPLEMENTATIONS = YES;
				CLANG_WARN_DIRECT_OBJC_ISA_USAGE = YES_ERROR;
				CLANG_WARN_DOCUMENTATION_COMMENTS = YES;
				CLANG_WARN_EMPTY_BODY = YES;
				CLANG_WARN_ENUM_CONVERSION = YES;
				CLANG_WARN_INFINITE_RECURSION = YES;
				CLANG_WARN_INT_CONVERSION = YES;
				CLANG_WARN_NON_LITERAL_NULL_CONVERSION = YES;
				CLANG_WARN_OBJC_IMPLICIT_RETAIN_SELF = YES;
				CLANG_WARN_OBJC_LITERAL_CONVERSION = YES;
				CLANG_WARN_OBJC_ROOT_CLASS = YES_ERROR;
				CLANG_WARN_QUOTED_INCLUDE_IN_FRAMEWORK_HEADER = YES;
				CLANG_WARN_RANGE_LOOP_ANALYSIS = YES;
				CLANG_WARN_STRICT_PROTOTYPES = YES;
				CLANG_WARN_SUSPICIOUS_MOVE = YES;
				CLANG_WARN_UNGUARDED_AVAILABILITY = YES_AGGRESSIVE;
				CLANG_WARN_UNREACHABLE_CODE = YES;
				CLANG_WARN__DUPLICATE_METHOD_MATCH = YES;
				COPY_PHASE_STRIP = NO;
				DEBUG_INFORMATION_FORMAT = dwarf;
				ENABLE_STRICT_OBJC_MSGSEND = YES;
				ENABLE_TESTABILITY = YES;
				GCC_C_LANGUAGE_STANDARD = gnu11;
				GCC_DYNAMIC_NO_PIC = NO;
				GCC_NO_COMMON_BLOCKS = YES;
				GCC_OPTIMIZATION_LEVEL = 0;
				GCC_PREPROCESSOR_DEFINITIONS = (
					"DEBUG=1",
					"$(inherited)",
				);
				GCC_WARN_64_TO_32_BIT_CONVERSION = YES;
				GCC_WARN_ABOUT_RETURN_TYPE = YES_ERROR;
				GCC_WARN_UNDECLARED_SELECTOR = YES;
				GCC_WARN_UNINITIALIZED_AUTOS = YES_AGGRESSIVE;
				GCC_WARN_UNUSED_FUNCTION = YES;
				GCC_WARN_UNUSED_VARIABLE = YES;
				IPHONEOS_DEPLOYMENT_TARGET = 15.0;
				MTL_ENABLE_DEBUG_INFO = INCLUDE_SOURCE;
				MTL_FAST_MATH = YES;
				ONLY_ACTIVE_ARCH = YES;
				SDKROOT = iphoneos;
				SWIFT_ACTIVE_COMPILATION_CONDITIONS = DEBUG;
				SWIFT_OPTIMIZATION_LEVEL = "-Onone";
			};
			name = Debug;
		};
		9201875127115C8200DAD0F2 /* Release */ = {
			isa = XCBuildConfiguration;
			buildSettings = {
				ALWAYS_SEARCH_USER_PATHS = NO;
				CLANG_ANALYZER_NONNULL = YES;
				CLANG_ANALYZER_NUMBER_OBJECT_CONVERSION = YES_AGGRESSIVE;
				CLANG_CXX_LANGUAGE_STANDARD = "gnu++17";
				CLANG_CXX_LIBRARY = "libc++";
				CLANG_ENABLE_MODULES = YES;
				CLANG_ENABLE_OBJC_ARC = YES;
				CLANG_ENABLE_OBJC_WEAK = YES;
				CLANG_WARN_BLOCK_CAPTURE_AUTORELEASING = YES;
				CLANG_WARN_BOOL_CONVERSION = YES;
				CLANG_WARN_COMMA = YES;
				CLANG_WARN_CONSTANT_CONVERSION = YES;
				CLANG_WARN_DEPRECATED_OBJC_IMPLEMENTATIONS = YES;
				CLANG_WARN_DIRECT_OBJC_ISA_USAGE = YES_ERROR;
				CLANG_WARN_DOCUMENTATION_COMMENTS = YES;
				CLANG_WARN_EMPTY_BODY = YES;
				CLANG_WARN_ENUM_CONVERSION = YES;
				CLANG_WARN_INFINITE_RECURSION = YES;
				CLANG_WARN_INT_CONVERSION = YES;
				CLANG_WARN_NON_LITERAL_NULL_CONVERSION = YES;
				CLANG_WARN_OBJC_IMPLICIT_RETAIN_SELF = YES;
				CLANG_WARN_OBJC_LITERAL_CONVERSION = YES;
				CLANG_WARN_OBJC_ROOT_CLASS = YES_ERROR;
				CLANG_WARN_QUOTED_INCLUDE_IN_FRAMEWORK_HEADER = YES;
				CLANG_WARN_RANGE_LOOP_ANALYSIS = YES;
				CLANG_WARN_STRICT_PROTOTYPES = YES;
				CLANG_WARN_SUSPICIOUS_MOVE = YES;
				CLANG_WARN_UNGUARDED_AVAILABILITY = YES_AGGRESSIVE;
				CLANG_WARN_UNREACHABLE_CODE = YES;
				CLANG_WARN__DUPLICATE_METHOD_MATCH = YES;
				COPY_PHASE_STRIP = NO;
				DEBUG_INFORMATION_FORMAT = "dwarf-with-dsym";
				ENABLE_NS_ASSERTIONS = NO;
				ENABLE_STRICT_OBJC_MSGSEND = YES;
				GCC_C_LANGUAGE_STANDARD = gnu11;
				GCC_NO_COMMON_BLOCKS = YES;
				GCC_WARN_64_TO_32_BIT_CONVERSION = YES;
				GCC_WARN_ABOUT_RETURN_TYPE = YES_ERROR;
				GCC_WARN_UNDECLARED_SELECTOR = YES;
				GCC_WARN_UNINITIALIZED_AUTOS = YES_AGGRESSIVE;
				GCC_WARN_UNUSED_FUNCTION = YES;
				GCC_WARN_UNUSED_VARIABLE = YES;
				IPHONEOS_DEPLOYMENT_TARGET = 15.0;
				MTL_ENABLE_DEBUG_INFO = NO;
				MTL_FAST_MATH = YES;
				SDKROOT = iphoneos;
				SWIFT_COMPILATION_MODE = wholemodule;
				SWIFT_OPTIMIZATION_LEVEL = "-O";
				VALIDATE_PRODUCT = YES;
			};
			name = Release;
		};
		9201875327115C8200DAD0F2 /* Debug */ = {
			isa = XCBuildConfiguration;
			buildSettings = {
				ASSETCATALOG_COMPILER_APPICON_NAME = AppIcon;
				ASSETCATALOG_COMPILER_GLOBAL_ACCENT_COLOR_NAME = AccentColor;
				CODE_SIGN_STYLE = Automatic;
				CURRENT_PROJECT_VERSION = 1;
				DEVELOPMENT_TEAM = PU64TS56AD;
				GENERATE_INFOPLIST_FILE = YES;
				INFOPLIST_FILE = "2nd-Seminar/Info.plist";
				INFOPLIST_KEY_UIApplicationSupportsIndirectInputEvents = YES;
				INFOPLIST_KEY_UILaunchStoryboardName = LaunchScreen;
				INFOPLIST_KEY_UIMainStoryboardFile = Main;
				INFOPLIST_KEY_UISupportedInterfaceOrientations_iPad = "UIInterfaceOrientationPortrait UIInterfaceOrientationPortraitUpsideDown UIInterfaceOrientationLandscapeLeft UIInterfaceOrientationLandscapeRight";
				INFOPLIST_KEY_UISupportedInterfaceOrientations_iPhone = "UIInterfaceOrientationPortrait UIInterfaceOrientationLandscapeLeft UIInterfaceOrientationLandscapeRight";
				LD_RUNPATH_SEARCH_PATHS = (
					"$(inherited)",
					"@executable_path/Frameworks",
				);
				MARKETING_VERSION = 1.0;
				PRODUCT_BUNDLE_IDENTIFIER = "soyeon.-nd-Seminar";
				PRODUCT_NAME = "$(TARGET_NAME)";
				SWIFT_EMIT_LOC_STRINGS = YES;
				SWIFT_VERSION = 5.0;
				TARGETED_DEVICE_FAMILY = "1,2";
			};
			name = Debug;
		};
		9201875427115C8200DAD0F2 /* Release */ = {
			isa = XCBuildConfiguration;
			buildSettings = {
				ASSETCATALOG_COMPILER_APPICON_NAME = AppIcon;
				ASSETCATALOG_COMPILER_GLOBAL_ACCENT_COLOR_NAME = AccentColor;
				CODE_SIGN_STYLE = Automatic;
				CURRENT_PROJECT_VERSION = 1;
				DEVELOPMENT_TEAM = PU64TS56AD;
				GENERATE_INFOPLIST_FILE = YES;
				INFOPLIST_FILE = "2nd-Seminar/Info.plist";
				INFOPLIST_KEY_UIApplicationSupportsIndirectInputEvents = YES;
				INFOPLIST_KEY_UILaunchStoryboardName = LaunchScreen;
				INFOPLIST_KEY_UIMainStoryboardFile = Main;
				INFOPLIST_KEY_UISupportedInterfaceOrientations_iPad = "UIInterfaceOrientationPortrait UIInterfaceOrientationPortraitUpsideDown UIInterfaceOrientationLandscapeLeft UIInterfaceOrientationLandscapeRight";
				INFOPLIST_KEY_UISupportedInterfaceOrientations_iPhone = "UIInterfaceOrientationPortrait UIInterfaceOrientationLandscapeLeft UIInterfaceOrientationLandscapeRight";
				LD_RUNPATH_SEARCH_PATHS = (
					"$(inherited)",
					"@executable_path/Frameworks",
				);
				MARKETING_VERSION = 1.0;
				PRODUCT_BUNDLE_IDENTIFIER = "soyeon.-nd-Seminar";
				PRODUCT_NAME = "$(TARGET_NAME)";
				SWIFT_EMIT_LOC_STRINGS = YES;
				SWIFT_VERSION = 5.0;
				TARGETED_DEVICE_FAMILY = "1,2";
			};
			name = Release;
		};
/* End XCBuildConfiguration section */

/* Begin XCConfigurationList section */
		9201873927115C8000DAD0F2 /* Build configuration list for PBXProject "2nd-Seminar" */ = {
			isa = XCConfigurationList;
			buildConfigurations = (
				9201875027115C8200DAD0F2 /* Debug */,
				9201875127115C8200DAD0F2 /* Release */,
			);
			defaultConfigurationIsVisible = 0;
			defaultConfigurationName = Release;
		};
		9201875227115C8200DAD0F2 /* Build configuration list for PBXNativeTarget "2nd-Seminar" */ = {
			isa = XCConfigurationList;
			buildConfigurations = (
				9201875327115C8200DAD0F2 /* Debug */,
				9201875427115C8200DAD0F2 /* Release */,
			);
			defaultConfigurationIsVisible = 0;
			defaultConfigurationName = Release;
		};
/* End XCConfigurationList section */
	};
	rootObject = 9201873627115C8000DAD0F2 /* Project object */;
}
