// !$*UTF8*$!
{
	archiveVersion = 1;
	classes = {
	};
	objectVersion = 55;
	objects = {

/* Begin PBXBuildFile section */
		9233B8D4272CDCAF009134A3 /* AppDelegate.swift in Sources */ = {isa = PBXBuildFile; fileRef = 9233B8D3272CDCAF009134A3 /* AppDelegate.swift */; };
		9233B8D6272CDCAF009134A3 /* SceneDelegate.swift in Sources */ = {isa = PBXBuildFile; fileRef = 9233B8D5272CDCAF009134A3 /* SceneDelegate.swift */; };
		9233B8D8272CDCAF009134A3 /* ViewController.swift in Sources */ = {isa = PBXBuildFile; fileRef = 9233B8D7272CDCAF009134A3 /* ViewController.swift */; };
		9233B8DB272CDCAF009134A3 /* Main.storyboard in Resources */ = {isa = PBXBuildFile; fileRef = 9233B8D9272CDCAF009134A3 /* Main.storyboard */; };
		9233B8DD272CDCB0009134A3 /* Assets.xcassets in Resources */ = {isa = PBXBuildFile; fileRef = 9233B8DC272CDCB0009134A3 /* Assets.xcassets */; };
		9233B8E0272CDCB0009134A3 /* LaunchScreen.storyboard in Resources */ = {isa = PBXBuildFile; fileRef = 9233B8DE272CDCB0009134A3 /* LaunchScreen.storyboard */; };
		9233B908272D2B21009134A3 /* APIConstants.swift in Sources */ = {isa = PBXBuildFile; fileRef = 9233B907272D2B21009134A3 /* APIConstants.swift */; };
		9233B90A272D2B88009134A3 /* NetworkResult.swift in Sources */ = {isa = PBXBuildFile; fileRef = 9233B909272D2B88009134A3 /* NetworkResult.swift */; };
		9233B90C272D2BE2009134A3 /* LoginResponseData.swift in Sources */ = {isa = PBXBuildFile; fileRef = 9233B90B272D2BE2009134A3 /* LoginResponseData.swift */; };
		9233B90E272D2C59009134A3 /* UserSignService.swift in Sources */ = {isa = PBXBuildFile; fileRef = 9233B90D272D2C59009134A3 /* UserSignService.swift */; };
		DFED6CFD98DE44DC4D0F3128 /* Pods_4th_Seminar.framework in Frameworks */ = {isa = PBXBuildFile; fileRef = 9079F537F62BCC1F25FA1305 /* Pods_4th_Seminar.framework */; };
/* End PBXBuildFile section */

/* Begin PBXFileReference section */
		9079F537F62BCC1F25FA1305 /* Pods_4th_Seminar.framework */ = {isa = PBXFileReference; explicitFileType = wrapper.framework; includeInIndex = 0; path = Pods_4th_Seminar.framework; sourceTree = BUILT_PRODUCTS_DIR; };
		9233B8D0272CDCAF009134A3 /* 4th-Seminar.app */ = {isa = PBXFileReference; explicitFileType = wrapper.application; includeInIndex = 0; path = "4th-Seminar.app"; sourceTree = BUILT_PRODUCTS_DIR; };
		9233B8D3272CDCAF009134A3 /* AppDelegate.swift */ = {isa = PBXFileReference; lastKnownFileType = sourcecode.swift; path = AppDelegate.swift; sourceTree = "<group>"; };
		9233B8D5272CDCAF009134A3 /* SceneDelegate.swift */ = {isa = PBXFileReference; lastKnownFileType = sourcecode.swift; path = SceneDelegate.swift; sourceTree = "<group>"; };
		9233B8D7272CDCAF009134A3 /* ViewController.swift */ = {isa = PBXFileReference; lastKnownFileType = sourcecode.swift; path = ViewController.swift; sourceTree = "<group>"; };
		9233B8DA272CDCAF009134A3 /* Base */ = {isa = PBXFileReference; lastKnownFileType = file.storyboard; name = Base; path = Base.lproj/Main.storyboard; sourceTree = "<group>"; };
		9233B8DC272CDCB0009134A3 /* Assets.xcassets */ = {isa = PBXFileReference; lastKnownFileType = folder.assetcatalog; path = Assets.xcassets; sourceTree = "<group>"; };
		9233B8DF272CDCB0009134A3 /* Base */ = {isa = PBXFileReference; lastKnownFileType = file.storyboard; name = Base; path = Base.lproj/LaunchScreen.storyboard; sourceTree = "<group>"; };
		9233B8E1272CDCB0009134A3 /* Info.plist */ = {isa = PBXFileReference; lastKnownFileType = text.plist.xml; path = Info.plist; sourceTree = "<group>"; };
		9233B907272D2B21009134A3 /* APIConstants.swift */ = {isa = PBXFileReference; lastKnownFileType = sourcecode.swift; path = APIConstants.swift; sourceTree = "<group>"; };
		9233B909272D2B88009134A3 /* NetworkResult.swift */ = {isa = PBXFileReference; lastKnownFileType = sourcecode.swift; path = NetworkResult.swift; sourceTree = "<group>"; };
		9233B90B272D2BE2009134A3 /* LoginResponseData.swift */ = {isa = PBXFileReference; lastKnownFileType = sourcecode.swift; path = LoginResponseData.swift; sourceTree = "<group>"; };
		9233B90D272D2C59009134A3 /* UserSignService.swift */ = {isa = PBXFileReference; lastKnownFileType = sourcecode.swift; path = UserSignService.swift; sourceTree = "<group>"; };
		AA89D24910B4E5F3B7C9CAA7 /* Pods-4th-Seminar.release.xcconfig */ = {isa = PBXFileReference; includeInIndex = 1; lastKnownFileType = text.xcconfig; name = "Pods-4th-Seminar.release.xcconfig"; path = "Target Support Files/Pods-4th-Seminar/Pods-4th-Seminar.release.xcconfig"; sourceTree = "<group>"; };
		FF15E679394BB3AF38C9B4A8 /* Pods-4th-Seminar.debug.xcconfig */ = {isa = PBXFileReference; includeInIndex = 1; lastKnownFileType = text.xcconfig; name = "Pods-4th-Seminar.debug.xcconfig"; path = "Target Support Files/Pods-4th-Seminar/Pods-4th-Seminar.debug.xcconfig"; sourceTree = "<group>"; };
/* End PBXFileReference section */

/* Begin PBXFrameworksBuildPhase section */
		9233B8CD272CDCAF009134A3 /* Frameworks */ = {
			isa = PBXFrameworksBuildPhase;
			buildActionMask = 2147483647;
			files = (
				DFED6CFD98DE44DC4D0F3128 /* Pods_4th_Seminar.framework in Frameworks */,
			);
			runOnlyForDeploymentPostprocessing = 0;
		};
/* End PBXFrameworksBuildPhase section */

/* Begin PBXGroup section */
		872247761A1AC4F1D699A84D /* Pods */ = {
			isa = PBXGroup;
			children = (
				FF15E679394BB3AF38C9B4A8 /* Pods-4th-Seminar.debug.xcconfig */,
				AA89D24910B4E5F3B7C9CAA7 /* Pods-4th-Seminar.release.xcconfig */,
			);
			path = Pods;
			sourceTree = "<group>";
		};
		9233B8C7272CDCAF009134A3 = {
			isa = PBXGroup;
			children = (
				9233B8D2272CDCAF009134A3 /* 4th-Seminar */,
				9233B8D1272CDCAF009134A3 /* Products */,
				872247761A1AC4F1D699A84D /* Pods */,
				A63A7D1862B1E9E779AE6594 /* Frameworks */,
			);
			sourceTree = "<group>";
		};
		9233B8D1272CDCAF009134A3 /* Products */ = {
			isa = PBXGroup;
			children = (
				9233B8D0272CDCAF009134A3 /* 4th-Seminar.app */,
			);
			name = Products;
			sourceTree = "<group>";
		};
		9233B8D2272CDCAF009134A3 /* 4th-Seminar */ = {
			isa = PBXGroup;
			children = (
				9233B8D3272CDCAF009134A3 /* AppDelegate.swift */,
				9233B8D5272CDCAF009134A3 /* SceneDelegate.swift */,
				9233B8D7272CDCAF009134A3 /* ViewController.swift */,
				9233B8D9272CDCAF009134A3 /* Main.storyboard */,
				9233B8DC272CDCB0009134A3 /* Assets.xcassets */,
				9233B8DE272CDCB0009134A3 /* LaunchScreen.storyboard */,
				9233B8E1272CDCB0009134A3 /* Info.plist */,
				9233B907272D2B21009134A3 /* APIConstants.swift */,
				9233B909272D2B88009134A3 /* NetworkResult.swift */,
				9233B90B272D2BE2009134A3 /* LoginResponseData.swift */,
				9233B90D272D2C59009134A3 /* UserSignService.swift */,
			);
			path = "4th-Seminar";
			sourceTree = "<group>";
		};
		A63A7D1862B1E9E779AE6594 /* Frameworks */ = {
			isa = PBXGroup;
			children = (
				9079F537F62BCC1F25FA1305 /* Pods_4th_Seminar.framework */,
			);
			name = Frameworks;
			sourceTree = "<group>";
		};
/* End PBXGroup section */

/* Begin PBXNativeTarget section */
		9233B8CF272CDCAF009134A3 /* 4th-Seminar */ = {
			isa = PBXNativeTarget;
			buildConfigurationList = 9233B8E4272CDCB0009134A3 /* Build configuration list for PBXNativeTarget "4th-Seminar" */;
			buildPhases = (
				225365D188D7FE9A8CED10DB /* [CP] Check Pods Manifest.lock */,
				9233B8CC272CDCAF009134A3 /* Sources */,
				9233B8CD272CDCAF009134A3 /* Frameworks */,
				9233B8CE272CDCAF009134A3 /* Resources */,
				EC8B19286C1987F3CA4F6733 /* [CP] Embed Pods Frameworks */,
			);
			buildRules = (
			);
			dependencies = (
			);
			name = "4th-Seminar";
			productName = "4th-Seminar";
			productReference = 9233B8D0272CDCAF009134A3 /* 4th-Seminar.app */;
			productType = "com.apple.product-type.application";
		};
/* End PBXNativeTarget section */

/* Begin PBXProject section */
		9233B8C8272CDCAF009134A3 /* Project object */ = {
			isa = PBXProject;
			attributes = {
				BuildIndependentTargetsInParallel = 1;
				LastSwiftUpdateCheck = 1310;
				LastUpgradeCheck = 1310;
				TargetAttributes = {
					9233B8CF272CDCAF009134A3 = {
						CreatedOnToolsVersion = 13.1;
					};
				};
			};
			buildConfigurationList = 9233B8CB272CDCAF009134A3 /* Build configuration list for PBXProject "4th-Seminar" */;
			compatibilityVersion = "Xcode 13.0";
			developmentRegion = en;
			hasScannedForEncodings = 0;
			knownRegions = (
				en,
				Base,
			);
			mainGroup = 9233B8C7272CDCAF009134A3;
			productRefGroup = 9233B8D1272CDCAF009134A3 /* Products */;
			projectDirPath = "";
			projectRoot = "";
			targets = (
				9233B8CF272CDCAF009134A3 /* 4th-Seminar */,
			);
		};
/* End PBXProject section */

/* Begin PBXResourcesBuildPhase section */
		9233B8CE272CDCAF009134A3 /* Resources */ = {
			isa = PBXResourcesBuildPhase;
			buildActionMask = 2147483647;
			files = (
				9233B8E0272CDCB0009134A3 /* LaunchScreen.storyboard in Resources */,
				9233B8DD272CDCB0009134A3 /* Assets.xcassets in Resources */,
				9233B8DB272CDCAF009134A3 /* Main.storyboard in Resources */,
			);
			runOnlyForDeploymentPostprocessing = 0;
		};
/* End PBXResourcesBuildPhase section */

/* Begin PBXShellScriptBuildPhase section */
		225365D188D7FE9A8CED10DB /* [CP] Check Pods Manifest.lock */ = {
			isa = PBXShellScriptBuildPhase;
			buildActionMask = 2147483647;
			files = (
			);
			inputFileListPaths = (
			);
			inputPaths = (
				"${PODS_PODFILE_DIR_PATH}/Podfile.lock",
				"${PODS_ROOT}/Manifest.lock",
			);
			name = "[CP] Check Pods Manifest.lock";
			outputFileListPaths = (
			);
			outputPaths = (
				"$(DERIVED_FILE_DIR)/Pods-4th-Seminar-checkManifestLockResult.txt",
			);
			runOnlyForDeploymentPostprocessing = 0;
			shellPath = /bin/sh;
			shellScript = "diff \"${PODS_PODFILE_DIR_PATH}/Podfile.lock\" \"${PODS_ROOT}/Manifest.lock\" > /dev/null\nif [ $? != 0 ] ; then\n    # print error to STDERR\n    echo \"error: The sandbox is not in sync with the Podfile.lock. Run 'pod install' or update your CocoaPods installation.\" >&2\n    exit 1\nfi\n# This output is used by Xcode 'outputs' to avoid re-running this script phase.\necho \"SUCCESS\" > \"${SCRIPT_OUTPUT_FILE_0}\"\n";
			showEnvVarsInLog = 0;
		};
		EC8B19286C1987F3CA4F6733 /* [CP] Embed Pods Frameworks */ = {
			isa = PBXShellScriptBuildPhase;
			buildActionMask = 2147483647;
			files = (
			);
			inputFileListPaths = (
				"${PODS_ROOT}/Target Support Files/Pods-4th-Seminar/Pods-4th-Seminar-frameworks-${CONFIGURATION}-input-files.xcfilelist",
			);
			name = "[CP] Embed Pods Frameworks";
			outputFileListPaths = (
				"${PODS_ROOT}/Target Support Files/Pods-4th-Seminar/Pods-4th-Seminar-frameworks-${CONFIGURATION}-output-files.xcfilelist",
			);
			runOnlyForDeploymentPostprocessing = 0;
			shellPath = /bin/sh;
			shellScript = "\"${PODS_ROOT}/Target Support Files/Pods-4th-Seminar/Pods-4th-Seminar-frameworks.sh\"\n";
			showEnvVarsInLog = 0;
		};
/* End PBXShellScriptBuildPhase section */

/* Begin PBXSourcesBuildPhase section */
		9233B8CC272CDCAF009134A3 /* Sources */ = {
			isa = PBXSourcesBuildPhase;
			buildActionMask = 2147483647;
			files = (
				9233B908272D2B21009134A3 /* APIConstants.swift in Sources */,
				9233B90E272D2C59009134A3 /* UserSignService.swift in Sources */,
				9233B90A272D2B88009134A3 /* NetworkResult.swift in Sources */,
				9233B90C272D2BE2009134A3 /* LoginResponseData.swift in Sources */,
				9233B8D8272CDCAF009134A3 /* ViewController.swift in Sources */,
				9233B8D4272CDCAF009134A3 /* AppDelegate.swift in Sources */,
				9233B8D6272CDCAF009134A3 /* SceneDelegate.swift in Sources */,
			);
			runOnlyForDeploymentPostprocessing = 0;
		};
/* End PBXSourcesBuildPhase section */

/* Begin PBXVariantGroup section */
		9233B8D9272CDCAF009134A3 /* Main.storyboard */ = {
			isa = PBXVariantGroup;
			children = (
				9233B8DA272CDCAF009134A3 /* Base */,
			);
			name = Main.storyboard;
			sourceTree = "<group>";
		};
		9233B8DE272CDCB0009134A3 /* LaunchScreen.storyboard */ = {
			isa = PBXVariantGroup;
			children = (
				9233B8DF272CDCB0009134A3 /* Base */,
			);
			name = LaunchScreen.storyboard;
			sourceTree = "<group>";
		};
/* End PBXVariantGroup section */

/* Begin XCBuildConfiguration section */
		9233B8E2272CDCB0009134A3 /* Debug */ = {
			isa = XCBuildConfiguration;
			buildSettings = {
				ALWAYS_SEARCH_USER_PATHS = NO;
				CLANG_ANALYZER_NONNULL = YES;
				CLANG_ANALYZER_NUMBER_OBJECT_CONVERSION = YES_AGGRESSIVE;
				CLANG_CXX_LANGUAGE_STANDARD = "gnu++17";
				CLANG_CXX_LIBRARY = "libc++";
				CLANG_ENABLE_MODULES = YES;
				CLANG_ENABLE_OBJC_ARC = YES;
				CLANG_ENABLE_OBJC_WEAK = YES;
				CLANG_WARN_BLOCK_CAPTURE_AUTORELEASING = YES;
				CLANG_WARN_BOOL_CONVERSION = YES;
				CLANG_WARN_COMMA = YES;
				CLANG_WARN_CONSTANT_CONVERSION = YES;
				CLANG_WARN_DEPRECATED_OBJC_IMPLEMENTATIONS = YES;
				CLANG_WARN_DIRECT_OBJC_ISA_USAGE = YES_ERROR;
				CLANG_WARN_DOCUMENTATION_COMMENTS = YES;
				CLANG_WARN_EMPTY_BODY = YES;
				CLANG_WARN_ENUM_CONVERSION = YES;
				CLANG_WARN_INFINITE_RECURSION = YES;
				CLANG_WARN_INT_CONVERSION = YES;
				CLANG_WARN_NON_LITERAL_NULL_CONVERSION = YES;
				CLANG_WARN_OBJC_IMPLICIT_RETAIN_SELF = YES;
				CLANG_WARN_OBJC_LITERAL_CONVERSION = YES;
				CLANG_WARN_OBJC_ROOT_CLASS = YES_ERROR;
				CLANG_WARN_QUOTED_INCLUDE_IN_FRAMEWORK_HEADER = YES;
				CLANG_WARN_RANGE_LOOP_ANALYSIS = YES;
				CLANG_WARN_STRICT_PROTOTYPES = YES;
				CLANG_WARN_SUSPICIOUS_MOVE = YES;
				CLANG_WARN_UNGUARDED_AVAILABILITY = YES_AGGRESSIVE;
				CLANG_WARN_UNREACHABLE_CODE = YES;
				CLANG_WARN__DUPLICATE_METHOD_MATCH = YES;
				COPY_PHASE_STRIP = NO;
				DEBUG_INFORMATION_FORMAT = dwarf;
				ENABLE_STRICT_OBJC_MSGSEND = YES;
				ENABLE_TESTABILITY = YES;
				GCC_C_LANGUAGE_STANDARD = gnu11;
				GCC_DYNAMIC_NO_PIC = NO;
				GCC_NO_COMMON_BLOCKS = YES;
				GCC_OPTIMIZATION_LEVEL = 0;
				GCC_PREPROCESSOR_DEFINITIONS = (
					"DEBUG=1",
					"$(inherited)",
				);
				GCC_WARN_64_TO_32_BIT_CONVERSION = YES;
				GCC_WARN_ABOUT_RETURN_TYPE = YES_ERROR;
				GCC_WARN_UNDECLARED_SELECTOR = YES;
				GCC_WARN_UNINITIALIZED_AUTOS = YES_AGGRESSIVE;
				GCC_WARN_UNUSED_FUNCTION = YES;
				GCC_WARN_UNUSED_VARIABLE = YES;
				IPHONEOS_DEPLOYMENT_TARGET = 15.0;
				MTL_ENABLE_DEBUG_INFO = INCLUDE_SOURCE;
				MTL_FAST_MATH = YES;
				ONLY_ACTIVE_ARCH = YES;
				SDKROOT = iphoneos;
				SWIFT_ACTIVE_COMPILATION_CONDITIONS = DEBUG;
				SWIFT_OPTIMIZATION_LEVEL = "-Onone";
			};
			name = Debug;
		};
		9233B8E3272CDCB0009134A3 /* Release */ = {
			isa = XCBuildConfiguration;
			buildSettings = {
				ALWAYS_SEARCH_USER_PATHS = NO;
				CLANG_ANALYZER_NONNULL = YES;
				CLANG_ANALYZER_NUMBER_OBJECT_CONVERSION = YES_AGGRESSIVE;
				CLANG_CXX_LANGUAGE_STANDARD = "gnu++17";
				CLANG_CXX_LIBRARY = "libc++";
				CLANG_ENABLE_MODULES = YES;
				CLANG_ENABLE_OBJC_ARC = YES;
				CLANG_ENABLE_OBJC_WEAK = YES;
				CLANG_WARN_BLOCK_CAPTURE_AUTORELEASING = YES;
				CLANG_WARN_BOOL_CONVERSION = YES;
				CLANG_WARN_COMMA = YES;
				CLANG_WARN_CONSTANT_CONVERSION = YES;
				CLANG_WARN_DEPRECATED_OBJC_IMPLEMENTATIONS = YES;
				CLANG_WARN_DIRECT_OBJC_ISA_USAGE = YES_ERROR;
				CLANG_WARN_DOCUMENTATION_COMMENTS = YES;
				CLANG_WARN_EMPTY_BODY = YES;
				CLANG_WARN_ENUM_CONVERSION = YES;
				CLANG_WARN_INFINITE_RECURSION = YES;
				CLANG_WARN_INT_CONVERSION = YES;
				CLANG_WARN_NON_LITERAL_NULL_CONVERSION = YES;
				CLANG_WARN_OBJC_IMPLICIT_RETAIN_SELF = YES;
				CLANG_WARN_OBJC_LITERAL_CONVERSION = YES;
				CLANG_WARN_OBJC_ROOT_CLASS = YES_ERROR;
				CLANG_WARN_QUOTED_INCLUDE_IN_FRAMEWORK_HEADER = YES;
				CLANG_WARN_RANGE_LOOP_ANALYSIS = YES;
				CLANG_WARN_STRICT_PROTOTYPES = YES;
				CLANG_WARN_SUSPICIOUS_MOVE = YES;
				CLANG_WARN_UNGUARDED_AVAILABILITY = YES_AGGRESSIVE;
				CLANG_WARN_UNREACHABLE_CODE = YES;
				CLANG_WARN__DUPLICATE_METHOD_MATCH = YES;
				COPY_PHASE_STRIP = NO;
				DEBUG_INFORMATION_FORMAT = "dwarf-with-dsym";
				ENABLE_NS_ASSERTIONS = NO;
				ENABLE_STRICT_OBJC_MSGSEND = YES;
				GCC_C_LANGUAGE_STANDARD = gnu11;
				GCC_NO_COMMON_BLOCKS = YES;
				GCC_WARN_64_TO_32_BIT_CONVERSION = YES;
				GCC_WARN_ABOUT_RETURN_TYPE = YES_ERROR;
				GCC_WARN_UNDECLARED_SELECTOR = YES;
				GCC_WARN_UNINITIALIZED_AUTOS = YES_AGGRESSIVE;
				GCC_WARN_UNUSED_FUNCTION = YES;
				GCC_WARN_UNUSED_VARIABLE = YES;
				IPHONEOS_DEPLOYMENT_TARGET = 15.0;
				MTL_ENABLE_DEBUG_INFO = NO;
				MTL_FAST_MATH = YES;
				SDKROOT = iphoneos;
				SWIFT_COMPILATION_MODE = wholemodule;
				SWIFT_OPTIMIZATION_LEVEL = "-O";
				VALIDATE_PRODUCT = YES;
			};
			name = Release;
		};
		9233B8E5272CDCB0009134A3 /* Debug */ = {
			isa = XCBuildConfiguration;
			baseConfigurationReference = FF15E679394BB3AF38C9B4A8 /* Pods-4th-Seminar.debug.xcconfig */;
			buildSettings = {
				ASSETCATALOG_COMPILER_APPICON_NAME = AppIcon;
				ASSETCATALOG_COMPILER_GLOBAL_ACCENT_COLOR_NAME = AccentColor;
				CODE_SIGN_STYLE = Automatic;
				CURRENT_PROJECT_VERSION = 1;
				DEVELOPMENT_TEAM = 4QG3GC35LA;
				GENERATE_INFOPLIST_FILE = YES;
				INFOPLIST_FILE = "4th-Seminar/Info.plist";
				INFOPLIST_KEY_UIApplicationSupportsIndirectInputEvents = YES;
				INFOPLIST_KEY_UILaunchStoryboardName = LaunchScreen;
				INFOPLIST_KEY_UIMainStoryboardFile = Main;
				INFOPLIST_KEY_UISupportedInterfaceOrientations_iPad = "UIInterfaceOrientationPortrait UIInterfaceOrientationPortraitUpsideDown UIInterfaceOrientationLandscapeLeft UIInterfaceOrientationLandscapeRight";
				INFOPLIST_KEY_UISupportedInterfaceOrientations_iPhone = "UIInterfaceOrientationPortrait UIInterfaceOrientationLandscapeLeft UIInterfaceOrientationLandscapeRight";
				LD_RUNPATH_SEARCH_PATHS = (
					"$(inherited)",
					"@executable_path/Frameworks",
				);
				MARKETING_VERSION = 1.0;
				PRODUCT_BUNDLE_IDENTIFIER = "soyeon.-th-Seminar";
				PRODUCT_NAME = "$(TARGET_NAME)";
				SWIFT_EMIT_LOC_STRINGS = YES;
				SWIFT_VERSION = 5.0;
				TARGETED_DEVICE_FAMILY = "1,2";
			};
			name = Debug;
		};
		9233B8E6272CDCB0009134A3 /* Release */ = {
			isa = XCBuildConfiguration;
			baseConfigurationReference = AA89D24910B4E5F3B7C9CAA7 /* Pods-4th-Seminar.release.xcconfig */;
			buildSettings = {
				ASSETCATALOG_COMPILER_APPICON_NAME = AppIcon;
				ASSETCATALOG_COMPILER_GLOBAL_ACCENT_COLOR_NAME = AccentColor;
				CODE_SIGN_STYLE = Automatic;
				CURRENT_PROJECT_VERSION = 1;
				DEVELOPMENT_TEAM = 4QG3GC35LA;
				GENERATE_INFOPLIST_FILE = YES;
				INFOPLIST_FILE = "4th-Seminar/Info.plist";
				INFOPLIST_KEY_UIApplicationSupportsIndirectInputEvents = YES;
				INFOPLIST_KEY_UILaunchStoryboardName = LaunchScreen;
				INFOPLIST_KEY_UIMainStoryboardFile = Main;
				INFOPLIST_KEY_UISupportedInterfaceOrientations_iPad = "UIInterfaceOrientationPortrait UIInterfaceOrientationPortraitUpsideDown UIInterfaceOrientationLandscapeLeft UIInterfaceOrientationLandscapeRight";
				INFOPLIST_KEY_UISupportedInterfaceOrientations_iPhone = "UIInterfaceOrientationPortrait UIInterfaceOrientationLandscapeLeft UIInterfaceOrientationLandscapeRight";
				LD_RUNPATH_SEARCH_PATHS = (
					"$(inherited)",
					"@executable_path/Frameworks",
				);
				MARKETING_VERSION = 1.0;
				PRODUCT_BUNDLE_IDENTIFIER = "soyeon.-th-Seminar";
				PRODUCT_NAME = "$(TARGET_NAME)";
				SWIFT_EMIT_LOC_STRINGS = YES;
				SWIFT_VERSION = 5.0;
				TARGETED_DEVICE_FAMILY = "1,2";
			};
			name = Release;
		};
/* End XCBuildConfiguration section */

/* Begin XCConfigurationList section */
		9233B8CB272CDCAF009134A3 /* Build configuration list for PBXProject "4th-Seminar" */ = {
			isa = XCConfigurationList;
			buildConfigurations = (
				9233B8E2272CDCB0009134A3 /* Debug */,
				9233B8E3272CDCB0009134A3 /* Release */,
			);
			defaultConfigurationIsVisible = 0;
			defaultConfigurationName = Release;
		};
		9233B8E4272CDCB0009134A3 /* Build configuration list for PBXNativeTarget "4th-Seminar" */ = {
			isa = XCConfigurationList;
			buildConfigurations = (
				9233B8E5272CDCB0009134A3 /* Debug */,
				9233B8E6272CDCB0009134A3 /* Release */,
			);
			defaultConfigurationIsVisible = 0;
			defaultConfigurationName = Release;
		};
/* End XCConfigurationList section */
	};
	rootObject = 9233B8C8272CDCAF009134A3 /* Project object */;
}
